// !$*UTF8*$!
{
	archiveVersion = 1;
	classes = {
	};
	objectVersion = 50;
	objects = {

/* Begin PBXBuildFile section */
		04A56E332647EC8400332C86 /* Project_1App.swift in Sources */ = {isa = PBXBuildFile; fileRef = 04A56E322647EC8400332C86 /* Project_1App.swift */; };
		04A56E352647EC8400332C86 /* ContentView.swift in Sources */ = {isa = PBXBuildFile; fileRef = 04A56E342647EC8400332C86 /* ContentView.swift */; };
		04A56E372647EC8500332C86 /* Assets.xcassets in Resources */ = {isa = PBXBuildFile; fileRef = 04A56E362647EC8500332C86 /* Assets.xcassets */; };
		04A56E3A2647EC8500332C86 /* Preview Assets.xcassets in Resources */ = {isa = PBXBuildFile; fileRef = 04A56E392647EC8500332C86 /* Preview Assets.xcassets */; };
		04A56E452647EC8500332C86 /* Project_1Tests.swift in Sources */ = {isa = PBXBuildFile; fileRef = 04A56E442647EC8500332C86 /* Project_1Tests.swift */; };
		04A56E502647EC8500332C86 /* Project_1UITests.swift in Sources */ = {isa = PBXBuildFile; fileRef = 04A56E4F2647EC8500332C86 /* Project_1UITests.swift */; };
/* End PBXBuildFile section */

/* Begin PBXContainerItemProxy section */
		04A56E412647EC8500332C86 /* PBXContainerItemProxy */ = {
			isa = PBXContainerItemProxy;
			containerPortal = 04A56E272647EC8300332C86 /* Project object */;
			proxyType = 1;
			remoteGlobalIDString = 04A56E2E2647EC8300332C86;
			remoteInfo = "Project 1";
		};
		04A56E4C2647EC8500332C86 /* PBXContainerItemProxy */ = {
			isa = PBXContainerItemProxy;
			containerPortal = 04A56E272647EC8300332C86 /* Project object */;
			proxyType = 1;
			remoteGlobalIDString = 04A56E2E2647EC8300332C86;
			remoteInfo = "Project 1";
		};
/* End PBXContainerItemProxy section */

/* Begin PBXFileReference section */
		04A56E2F2647EC8400332C86 /* Project 1.app */ = {isa = PBXFileReference; explicitFileType = wrapper.application; includeInIndex = 0; path = "Project 1.app"; sourceTree = BUILT_PRODUCTS_DIR; };
		04A56E322647EC8400332C86 /* Project_1App.swift */ = {isa = PBXFileReference; lastKnownFileType = sourcecode.swift; path = Project_1App.swift; sourceTree = "<group>"; };
		04A56E342647EC8400332C86 /* ContentView.swift */ = {isa = PBXFileReference; lastKnownFileType = sourcecode.swift; path = ContentView.swift; sourceTree = "<group>"; };
		04A56E362647EC8500332C86 /* Assets.xcassets */ = {isa = PBXFileReference; lastKnownFileType = folder.assetcatalog; path = Assets.xcassets; sourceTree = "<group>"; };
		04A56E392647EC8500332C86 /* Preview Assets.xcassets */ = {isa = PBXFileReference; lastKnownFileType = folder.assetcatalog; path = "Preview Assets.xcassets"; sourceTree = "<group>"; };
		04A56E3B2647EC8500332C86 /* Info.plist */ = {isa = PBXFileReference; lastKnownFileType = text.plist.xml; path = Info.plist; sourceTree = "<group>"; };
		04A56E402647EC8500332C86 /* Project 1Tests.xctest */ = {isa = PBXFileReference; explicitFileType = wrapper.cfbundle; includeInIndex = 0; path = "Project 1Tests.xctest"; sourceTree = BUILT_PRODUCTS_DIR; };
		04A56E442647EC8500332C86 /* Project_1Tests.swift */ = {isa = PBXFileReference; lastKnownFileType = sourcecode.swift; path = Project_1Tests.swift; sourceTree = "<group>"; };
		04A56E462647EC8500332C86 /* Info.plist */ = {isa = PBXFileReference; lastKnownFileType = text.plist.xml; path = Info.plist; sourceTree = "<group>"; };
		04A56E4B2647EC8500332C86 /* Project 1UITests.xctest */ = {isa = PBXFileReference; explicitFileType = wrapper.cfbundle; includeInIndex = 0; path = "Project 1UITests.xctest"; sourceTree = BUILT_PRODUCTS_DIR; };
		04A56E4F2647EC8500332C86 /* Project_1UITests.swift */ = {isa = PBXFileReference; lastKnownFileType = sourcecode.swift; path = Project_1UITests.swift; sourceTree = "<group>"; };
		04A56E512647EC8500332C86 /* Info.plist */ = {isa = PBXFileReference; lastKnownFileType = text.plist.xml; path = Info.plist; sourceTree = "<group>"; };
/* End PBXFileReference section */

/* Begin PBXFrameworksBuildPhase section */
		04A56E2C2647EC8300332C86 /* Frameworks */ = {
			isa = PBXFrameworksBuildPhase;
			buildActionMask = 2147483647;
			files = (
			);
			runOnlyForDeploymentPostprocessing = 0;
		};
		04A56E3D2647EC8500332C86 /* Frameworks */ = {
			isa = PBXFrameworksBuildPhase;
			buildActionMask = 2147483647;
			files = (
			);
			runOnlyForDeploymentPostprocessing = 0;
		};
		04A56E482647EC8500332C86 /* Frameworks */ = {
			isa = PBXFrameworksBuildPhase;
			buildActionMask = 2147483647;
			files = (
			);
			runOnlyForDeploymentPostprocessing = 0;
		};
/* End PBXFrameworksBuildPhase section */

/* Begin PBXGroup section */
		04A56E262647EC8300332C86 = {
			isa = PBXGroup;
			children = (
				04A56E312647EC8400332C86 /* Project 1 */,
				04A56E432647EC8500332C86 /* Project 1Tests */,
				04A56E4E2647EC8500332C86 /* Project 1UITests */,
				04A56E302647EC8400332C86 /* Products */,
			);
			sourceTree = "<group>";
		};
		04A56E302647EC8400332C86 /* Products */ = {
			isa = PBXGroup;
			children = (
				04A56E2F2647EC8400332C86 /* Project 1.app */,
				04A56E402647EC8500332C86 /* Project 1Tests.xctest */,
				04A56E4B2647EC8500332C86 /* Project 1UITests.xctest */,
			);
			name = Products;
			sourceTree = "<group>";
		};
		04A56E312647EC8400332C86 /* Project 1 */ = {
			isa = PBXGroup;
			children = (
				04A56E322647EC8400332C86 /* Project_1App.swift */,
				04A56E342647EC8400332C86 /* ContentView.swift */,
				04A56E362647EC8500332C86 /* Assets.xcassets */,
				04A56E3B2647EC8500332C86 /* Info.plist */,
				04A56E382647EC8500332C86 /* Preview Content */,
			);
			path = "Project 1";
			sourceTree = "<group>";
		};
		04A56E382647EC8500332C86 /* Preview Content */ = {
			isa = PBXGroup;
			children = (
				04A56E392647EC8500332C86 /* Preview Assets.xcassets */,
			);
			path = "Preview Content";
			sourceTree = "<group>";
		};
		04A56E432647EC8500332C86 /* Project 1Tests */ = {
			isa = PBXGroup;
			children = (
				04A56E442647EC8500332C86 /* Project_1Tests.swift */,
				04A56E462647EC8500332C86 /* Info.plist */,
			);
			path = "Project 1Tests";
			sourceTree = "<group>";
		};
		04A56E4E2647EC8500332C86 /* Project 1UITests */ = {
			isa = PBXGroup;
			children = (
				04A56E4F2647EC8500332C86 /* Project_1UITests.swift */,
				04A56E512647EC8500332C86 /* Info.plist */,
			);
			path = "Project 1UITests";
			sourceTree = "<group>";
		};
/* End PBXGroup section */

/* Begin PBXNativeTarget section */
		04A56E2E2647EC8300332C86 /* Project 1 */ = {
			isa = PBXNativeTarget;
			buildConfigurationList = 04A56E542647EC8500332C86 /* Build configuration list for PBXNativeTarget "Project 1" */;
			buildPhases = (
				04A56E2B2647EC8300332C86 /* Sources */,
				04A56E2C2647EC8300332C86 /* Frameworks */,
				04A56E2D2647EC8300332C86 /* Resources */,
			);
			buildRules = (
			);
			dependencies = (
			);
			name = "Project 1";
			productName = "Project 1";
			productReference = 04A56E2F2647EC8400332C86 /* Project 1.app */;
			productType = "com.apple.product-type.application";
		};
		04A56E3F2647EC8500332C86 /* Project 1Tests */ = {
			isa = PBXNativeTarget;
			buildConfigurationList = 04A56E572647EC8500332C86 /* Build configuration list for PBXNativeTarget "Project 1Tests" */;
			buildPhases = (
				04A56E3C2647EC8500332C86 /* Sources */,
				04A56E3D2647EC8500332C86 /* Frameworks */,
				04A56E3E2647EC8500332C86 /* Resources */,
			);
			buildRules = (
			);
			dependencies = (
				04A56E422647EC8500332C86 /* PBXTargetDependency */,
			);
			name = "Project 1Tests";
			productName = "Project 1Tests";
			productReference = 04A56E402647EC8500332C86 /* Project 1Tests.xctest */;
			productType = "com.apple.product-type.bundle.unit-test";
		};
		04A56E4A2647EC8500332C86 /* Project 1UITests */ = {
			isa = PBXNativeTarget;
			buildConfigurationList = 04A56E5A2647EC8500332C86 /* Build configuration list for PBXNativeTarget "Project 1UITests" */;
			buildPhases = (
				04A56E472647EC8500332C86 /* Sources */,
				04A56E482647EC8500332C86 /* Frameworks */,
				04A56E492647EC8500332C86 /* Resources */,
			);
			buildRules = (
			);
			dependencies = (
				04A56E4D2647EC8500332C86 /* PBXTargetDependency */,
			);
			name = "Project 1UITests";
			productName = "Project 1UITests";
			productReference = 04A56E4B2647EC8500332C86 /* Project 1UITests.xctest */;
			productType = "com.apple.product-type.bundle.ui-testing";
		};
/* End PBXNativeTarget section */

/* Begin PBXProject section */
		04A56E272647EC8300332C86 /* Project object */ = {
			isa = PBXProject;
			attributes = {
				LastSwiftUpdateCheck = 1250;
				LastUpgradeCheck = 1250;
				TargetAttributes = {
					04A56E2E2647EC8300332C86 = {
						CreatedOnToolsVersion = 12.5;
					};
					04A56E3F2647EC8500332C86 = {
						CreatedOnToolsVersion = 12.5;
						TestTargetID = 04A56E2E2647EC8300332C86;
					};
					04A56E4A2647EC8500332C86 = {
						CreatedOnToolsVersion = 12.5;
						TestTargetID = 04A56E2E2647EC8300332C86;
					};
				};
			};
			buildConfigurationList = 04A56E2A2647EC8300332C86 /* Build configuration list for PBXProject "Project 1" */;
			compatibilityVersion = "Xcode 9.3";
			developmentRegion = en;
			hasScannedForEncodings = 0;
			knownRegions = (
				en,
				Base,
			);
			mainGroup = 04A56E262647EC8300332C86;
			productRefGroup = 04A56E302647EC8400332C86 /* Products */;
			projectDirPath = "";
			projectRoot = "";
			targets = (
				04A56E2E2647EC8300332C86 /* Project 1 */,
				04A56E3F2647EC8500332C86 /* Project 1Tests */,
				04A56E4A2647EC8500332C86 /* Project 1UITests */,
			);
		};
/* End PBXProject section */

/* Begin PBXResourcesBuildPhase section */
		04A56E2D2647EC8300332C86 /* Resources */ = {
			isa = PBXResourcesBuildPhase;
			buildActionMask = 2147483647;
			files = (
				04A56E3A2647EC8500332C86 /* Preview Assets.xcassets in Resources */,
				04A56E372647EC8500332C86 /* Assets.xcassets in Resources */,
			);
			runOnlyForDeploymentPostprocessing = 0;
		};
		04A56E3E2647EC8500332C86 /* Resources */ = {
			isa = PBXResourcesBuildPhase;
			buildActionMask = 2147483647;
			files = (
			);
			runOnlyForDeploymentPostprocessing = 0;
		};
		04A56E492647EC8500332C86 /* Resources */ = {
			isa = PBXResourcesBuildPhase;
			buildActionMask = 2147483647;
			files = (
			);
			runOnlyForDeploymentPostprocessing = 0;
		};
/* End PBXResourcesBuildPhase section */

/* Begin PBXSourcesBuildPhase section */
		04A56E2B2647EC8300332C86 /* Sources */ = {
			isa = PBXSourcesBuildPhase;
			buildActionMask = 2147483647;
			files = (
				04A56E352647EC8400332C86 /* ContentView.swift in Sources */,
				04A56E332647EC8400332C86 /* Project_1App.swift in Sources */,
			);
			runOnlyForDeploymentPostprocessing = 0;
		};
		04A56E3C2647EC8500332C86 /* Sources */ = {
			isa = PBXSourcesBuildPhase;
			buildActionMask = 2147483647;
			files = (
				04A56E452647EC8500332C86 /* Project_1Tests.swift in Sources */,
			);
			runOnlyForDeploymentPostprocessing = 0;
		};
		04A56E472647EC8500332C86 /* Sources */ = {
			isa = PBXSourcesBuildPhase;
			buildActionMask = 2147483647;
			files = (
				04A56E502647EC8500332C86 /* Project_1UITests.swift in Sources */,
			);
			runOnlyForDeploymentPostprocessing = 0;
		};
/* End PBXSourcesBuildPhase section */

/* Begin PBXTargetDependency section */
		04A56E422647EC8500332C86 /* PBXTargetDependency */ = {
			isa = PBXTargetDependency;
			target = 04A56E2E2647EC8300332C86 /* Project 1 */;
			targetProxy = 04A56E412647EC8500332C86 /* PBXContainerItemProxy */;
		};
		04A56E4D2647EC8500332C86 /* PBXTargetDependency */ = {
			isa = PBXTargetDependency;
			target = 04A56E2E2647EC8300332C86 /* Project 1 */;
			targetProxy = 04A56E4C2647EC8500332C86 /* PBXContainerItemProxy */;
		};
/* End PBXTargetDependency section */

/* Begin XCBuildConfiguration section */
		04A56E522647EC8500332C86 /* Debug */ = {
			isa = XCBuildConfiguration;
			buildSettings = {
				ALWAYS_SEARCH_USER_PATHS = NO;
				CLANG_ANALYZER_NONNULL = YES;
				CLANG_ANALYZER_NUMBER_OBJECT_CONVERSION = YES_AGGRESSIVE;
				CLANG_CXX_LANGUAGE_STANDARD = "gnu++14";
				CLANG_CXX_LIBRARY = "libc++";
				CLANG_ENABLE_MODULES = YES;
				CLANG_ENABLE_OBJC_ARC = YES;
				CLANG_ENABLE_OBJC_WEAK = YES;
				CLANG_WARN_BLOCK_CAPTURE_AUTORELEASING = YES;
				CLANG_WARN_BOOL_CONVERSION = YES;
				CLANG_WARN_COMMA = YES;
				CLANG_WARN_CONSTANT_CONVERSION = YES;
				CLANG_WARN_DEPRECATED_OBJC_IMPLEMENTATIONS = YES;
				CLANG_WARN_DIRECT_OBJC_ISA_USAGE = YES_ERROR;
				CLANG_WARN_DOCUMENTATION_COMMENTS = YES;
				CLANG_WARN_EMPTY_BODY = YES;
				CLANG_WARN_ENUM_CONVERSION = YES;
				CLANG_WARN_INFINITE_RECURSION = YES;
				CLANG_WARN_INT_CONVERSION = YES;
				CLANG_WARN_NON_LITERAL_NULL_CONVERSION = YES;
				CLANG_WARN_OBJC_IMPLICIT_RETAIN_SELF = YES;
				CLANG_WARN_OBJC_LITERAL_CONVERSION = YES;
				CLANG_WARN_OBJC_ROOT_CLASS = YES_ERROR;
				CLANG_WARN_QUOTED_INCLUDE_IN_FRAMEWORK_HEADER = YES;
				CLANG_WARN_RANGE_LOOP_ANALYSIS = YES;
				CLANG_WARN_STRICT_PROTOTYPES = YES;
				CLANG_WARN_SUSPICIOUS_MOVE = YES;
				CLANG_WARN_UNGUARDED_AVAILABILITY = YES_AGGRESSIVE;
				CLANG_WARN_UNREACHABLE_CODE = YES;
				CLANG_WARN__DUPLICATE_METHOD_MATCH = YES;
				COPY_PHASE_STRIP = NO;
				DEBUG_INFORMATION_FORMAT = dwarf;
				ENABLE_STRICT_OBJC_MSGSEND = YES;
				ENABLE_TESTABILITY = YES;
				GCC_C_LANGUAGE_STANDARD = gnu11;
				GCC_DYNAMIC_NO_PIC = NO;
				GCC_NO_COMMON_BLOCKS = YES;
				GCC_OPTIMIZATION_LEVEL = 0;
				GCC_PREPROCESSOR_DEFINITIONS = (
					"DEBUG=1",
					"$(inherited)",
				);
				GCC_WARN_64_TO_32_BIT_CONVERSION = YES;
				GCC_WARN_ABOUT_RETURN_TYPE = YES_ERROR;
				GCC_WARN_UNDECLARED_SELECTOR = YES;
				GCC_WARN_UNINITIALIZED_AUTOS = YES_AGGRESSIVE;
				GCC_WARN_UNUSED_FUNCTION = YES;
				GCC_WARN_UNUSED_VARIABLE = YES;
				IPHONEOS_DEPLOYMENT_TARGET = 14.5;
				MTL_ENABLE_DEBUG_INFO = INCLUDE_SOURCE;
				MTL_FAST_MATH = YES;
				ONLY_ACTIVE_ARCH = YES;
				SDKROOT = iphoneos;
				SWIFT_ACTIVE_COMPILATION_CONDITIONS = DEBUG;
				SWIFT_OPTIMIZATION_LEVEL = "-Onone";
			};
			name = Debug;
		};
		04A56E532647EC8500332C86 /* Release */ = {
			isa = XCBuildConfiguration;
			buildSettings = {
				ALWAYS_SEARCH_USER_PATHS = NO;
				CLANG_ANALYZER_NONNULL = YES;
				CLANG_ANALYZER_NUMBER_OBJECT_CONVERSION = YES_AGGRESSIVE;
				CLANG_CXX_LANGUAGE_STANDARD = "gnu++14";
				CLANG_CXX_LIBRARY = "libc++";
				CLANG_ENABLE_MODULES = YES;
				CLANG_ENABLE_OBJC_ARC = YES;
				CLANG_ENABLE_OBJC_WEAK = YES;
				CLANG_WARN_BLOCK_CAPTURE_AUTORELEASING = YES;
				CLANG_WARN_BOOL_CONVERSION = YES;
				CLANG_WARN_COMMA = YES;
				CLANG_WARN_CONSTANT_CONVERSION = YES;
				CLANG_WARN_DEPRECATED_OBJC_IMPLEMENTATIONS = YES;
				CLANG_WARN_DIRECT_OBJC_ISA_USAGE = YES_ERROR;
				CLANG_WARN_DOCUMENTATION_COMMENTS = YES;
				CLANG_WARN_EMPTY_BODY = YES;
				CLANG_WARN_ENUM_CONVERSION = YES;
				CLANG_WARN_INFINITE_RECURSION = YES;
				CLANG_WARN_INT_CONVERSION = YES;
				CLANG_WARN_NON_LITERAL_NULL_CONVERSION = YES;
				CLANG_WARN_OBJC_IMPLICIT_RETAIN_SELF = YES;
				CLANG_WARN_OBJC_LITERAL_CONVERSION = YES;
				CLANG_WARN_OBJC_ROOT_CLASS = YES_ERROR;
				CLANG_WARN_QUOTED_INCLUDE_IN_FRAMEWORK_HEADER = YES;
				CLANG_WARN_RANGE_LOOP_ANALYSIS = YES;
				CLANG_WARN_STRICT_PROTOTYPES = YES;
				CLANG_WARN_SUSPICIOUS_MOVE = YES;
				CLANG_WARN_UNGUARDED_AVAILABILITY = YES_AGGRESSIVE;
				CLANG_WARN_UNREACHABLE_CODE = YES;
				CLANG_WARN__DUPLICATE_METHOD_MATCH = YES;
				COPY_PHASE_STRIP = NO;
				DEBUG_INFORMATION_FORMAT = "dwarf-with-dsym";
				ENABLE_NS_ASSERTIONS = NO;
				ENABLE_STRICT_OBJC_MSGSEND = YES;
				GCC_C_LANGUAGE_STANDARD = gnu11;
				GCC_NO_COMMON_BLOCKS = YES;
				GCC_WARN_64_TO_32_BIT_CONVERSION = YES;
				GCC_WARN_ABOUT_RETURN_TYPE = YES_ERROR;
				GCC_WARN_UNDECLARED_SELECTOR = YES;
				GCC_WARN_UNINITIALIZED_AUTOS = YES_AGGRESSIVE;
				GCC_WARN_UNUSED_FUNCTION = YES;
				GCC_WARN_UNUSED_VARIABLE = YES;
				IPHONEOS_DEPLOYMENT_TARGET = 14.5;
				MTL_ENABLE_DEBUG_INFO = NO;
				MTL_FAST_MATH = YES;
				SDKROOT = iphoneos;
				SWIFT_COMPILATION_MODE = wholemodule;
				SWIFT_OPTIMIZATION_LEVEL = "-O";
				VALIDATE_PRODUCT = YES;
			};
			name = Release;
		};
		04A56E552647EC8500332C86 /* Debug */ = {
			isa = XCBuildConfiguration;
			buildSettings = {
				ASSETCATALOG_COMPILER_APPICON_NAME = AppIcon;
				ASSETCATALOG_COMPILER_GLOBAL_ACCENT_COLOR_NAME = AccentColor;
				CODE_SIGN_STYLE = Automatic;
				DEVELOPMENT_ASSET_PATHS = "\"Project 1/Preview Content\"";
				ENABLE_PREVIEWS = YES;
				INFOPLIST_FILE = "Project 1/Info.plist";
				IPHONEOS_DEPLOYMENT_TARGET = 14.0;
				LD_RUNPATH_SEARCH_PATHS = (
					"$(inherited)",
					"@executable_path/Frameworks",
				);
				PRODUCT_BUNDLE_IDENTIFIER = "BMR.Project-1";
				PRODUCT_NAME = "$(TARGET_NAME)";
				SWIFT_VERSION = 5.0;
				TARGETED_DEVICE_FAMILY = "1,2";
			};
			name = Debug;
		};
		04A56E562647EC8500332C86 /* Release */ = {
			isa = XCBuildConfiguration;
			buildSettings = {
				ASSETCATALOG_COMPILER_APPICON_NAME = AppIcon;
				ASSETCATALOG_COMPILER_GLOBAL_ACCENT_COLOR_NAME = AccentColor;
				CODE_SIGN_STYLE = Automatic;
				DEVELOPMENT_ASSET_PATHS = "\"Project 1/Preview Content\"";
				ENABLE_PREVIEWS = YES;
				INFOPLIST_FILE = "Project 1/Info.plist";
				IPHONEOS_DEPLOYMENT_TARGET = 14.0;
				LD_RUNPATH_SEARCH_PATHS = (
					"$(inherited)",
					"@executable_path/Frameworks",
				);
				PRODUCT_BUNDLE_IDENTIFIER = "BMR.Project-1";
				PRODUCT_NAME = "$(TARGET_NAME)";
				SWIFT_VERSION = 5.0;
				TARGETED_DEVICE_FAMILY = "1,2";
			};
			name = Release;
		};
		04A56E582647EC8500332C86 /* Debug */ = {
			isa = XCBuildConfiguration;
			buildSettings = {
				ALWAYS_EMBED_SWIFT_STANDARD_LIBRARIES = YES;
				BUNDLE_LOADER = "$(TEST_HOST)";
				CODE_SIGN_STYLE = Automatic;
				INFOPLIST_FILE = "Project 1Tests/Info.plist";
				IPHONEOS_DEPLOYMENT_TARGET = 14.0;
				LD_RUNPATH_SEARCH_PATHS = (
					"$(inherited)",
					"@executable_path/Frameworks",
					"@loader_path/Frameworks",
				);
				PRODUCT_BUNDLE_IDENTIFIER = "BMR.Project-1Tests";
				PRODUCT_NAME = "$(TARGET_NAME)";
				SWIFT_VERSION = 5.0;
				TARGETED_DEVICE_FAMILY = "1,2";
				TEST_HOST = "$(BUILT_PRODUCTS_DIR)/Project 1.app/Project 1";
			};
			name = Debug;
		};
		04A56E592647EC8500332C86 /* Release */ = {
			isa = XCBuildConfiguration;
			buildSettings = {
				ALWAYS_EMBED_SWIFT_STANDARD_LIBRARIES = YES;
				BUNDLE_LOADER = "$(TEST_HOST)";
				CODE_SIGN_STYLE = Automatic;
				INFOPLIST_FILE = "Project 1Tests/Info.plist";
				IPHONEOS_DEPLOYMENT_TARGET = 14.0;
				LD_RUNPATH_SEARCH_PATHS = (
					"$(inherited)",
					"@executable_path/Frameworks",
					"@loader_path/Frameworks",
				);
				PRODUCT_BUNDLE_IDENTIFIER = "BMR.Project-1Tests";
				PRODUCT_NAME = "$(TARGET_NAME)";
				SWIFT_VERSION = 5.0;
				TARGETED_DEVICE_FAMILY = "1,2";
				TEST_HOST = "$(BUILT_PRODUCTS_DIR)/Project 1.app/Project 1";
			};
			name = Release;
		};
		04A56E5B2647EC8500332C86 /* Debug */ = {
			isa = XCBuildConfiguration;
			buildSettings = {
				ALWAYS_EMBED_SWIFT_STANDARD_LIBRARIES = YES;
				CODE_SIGN_STYLE = Automatic;
				INFOPLIST_FILE = "Project 1UITests/Info.plist";
				LD_RUNPATH_SEARCH_PATHS = (
					"$(inherited)",
					"@executable_path/Frameworks",
					"@loader_path/Frameworks",
				);
				PRODUCT_BUNDLE_IDENTIFIER = "BMR.Project-1UITests";
				PRODUCT_NAME = "$(TARGET_NAME)";
				SWIFT_VERSION = 5.0;
				TARGETED_DEVICE_FAMILY = "1,2";
				TEST_TARGET_NAME = "Project 1";
			};
			name = Debug;
		};
		04A56E5C2647EC8500332C86 /* Release */ = {
			isa = XCBuildConfiguration;
			buildSettings = {
				ALWAYS_EMBED_SWIFT_STANDARD_LIBRARIES = YES;
				CODE_SIGN_STYLE = Automatic;
				INFOPLIST_FILE = "Project 1UITests/Info.plist";
				LD_RUNPATH_SEARCH_PATHS = (
					"$(inherited)",
					"@executable_path/Frameworks",
					"@loader_path/Frameworks",
				);
				PRODUCT_BUNDLE_IDENTIFIER = "BMR.Project-1UITests";
				PRODUCT_NAME = "$(TARGET_NAME)";
				SWIFT_VERSION = 5.0;
				TARGETED_DEVICE_FAMILY = "1,2";
				TEST_TARGET_NAME = "Project 1";
			};
			name = Release;
		};
/* End XCBuildConfiguration section */

/* Begin XCConfigurationList section */
		04A56E2A2647EC8300332C86 /* Build configuration list for PBXProject "Project 1" */ = {
			isa = XCConfigurationList;
			buildConfigurations = (
				04A56E522647EC8500332C86 /* Debug */,
				04A56E532647EC8500332C86 /* Release */,
			);
			defaultConfigurationIsVisible = 0;
			defaultConfigurationName = Release;
		};
		04A56E542647EC8500332C86 /* Build configuration list for PBXNativeTarget "Project 1" */ = {
			isa = XCConfigurationList;
			buildConfigurations = (
				04A56E552647EC8500332C86 /* Debug */,
				04A56E562647EC8500332C86 /* Release */,
			);
			defaultConfigurationIsVisible = 0;
			defaultConfigurationName = Release;
		};
		04A56E572647EC8500332C86 /* Build configuration list for PBXNativeTarget "Project 1Tests" */ = {
			isa = XCConfigurationList;
			buildConfigurations = (
				04A56E582647EC8500332C86 /* Debug */,
				04A56E592647EC8500332C86 /* Release */,
			);
			defaultConfigurationIsVisible = 0;
			defaultConfigurationName = Release;
		};
		04A56E5A2647EC8500332C86 /* Build configuration list for PBXNativeTarget "Project 1UITests" */ = {
			isa = XCConfigurationList;
			buildConfigurations = (
				04A56E5B2647EC8500332C86 /* Debug */,
				04A56E5C2647EC8500332C86 /* Release */,
			);
			defaultConfigurationIsVisible = 0;
			defaultConfigurationName = Release;
		};
/* End XCConfigurationList section */
	};
	rootObject = 04A56E272647EC8300332C86 /* Project object */;
}
